{
  "originHash" : "269b7103dc2e182b25621a2ba3639f928aef73b8ed11889cb8448d4a5d7a41d2",
  "pins" : [
    {
      "identity" : "clouddatapresence",
      "kind" : "remoteSourceControl",
      "location" : "https://github.com/holgerkrupp/CloudDataPresence",
      "state" : {
        "branch" : "main",
        "revision" : "822dbe3ccaaed19c09d9a54b22347a5c06ca8efe"
      }
    },
    {
      "identity" : "cloudkitsyncmonitor",
      "kind" : "remoteSourceControl",
      "location" : "https://github.com/ggruen/CloudKitSyncMonitor.git",
      "state" : {
        "revision" : "a421ba7b38fa2e37bb78fc1425db491ca5e93c9a",
        "version" : "3.1.0"
      }
    },
    {
      "identity" : "esadesignkit",
      "kind" : "remoteSourceControl",
      "location" : "https://github.com/holgerkrupp/ESADesignKit",
      "state" : {
        "branch" : "main",
        "revision" : "d73bab968958639fa9f53d2a53c2728be8af2a9a"
      }
    },
    {
      "identity" : "mp3chapterreader",
      "kind" : "remoteSourceControl",
      "location" : "https://github.com/holgerkrupp/mp3ChapterReader",
      "state" : {
        "branch" : "main",
        "revision" : "766a55da6cc55bccaacc340662da4d28864fa314"
      }
    },
    {
      "identity" : "richtext",
      "kind" : "remoteSourceControl",
      "location" : "https://github.com/nuPlay/RichText/",
      "state" : {
        "revision" : "3d645782db67d09c6e7f16481c0c0e6b9787e45b",
        "version" : "3.0.0"
      }
    },
    {
      "identity" : "swiftdeviceinfo",
      "kind" : "remoteSourceControl",
      "location" : "https://github.com/holgerkrupp/SwiftDeviceInfo.git",
      "state" : {
        "branch" : "main",
        "revision" : "c917442072d9e9fd64e299f1e5b261f210383191"
      }
    }
  ],
  "version" : 3
}
