{
  "originHash" : "9114d24762145ebd60e32fe2a154e9006a95af11d81402fb729b80ecf4c8091a",
  "pins" : [
    {
      "identity" : "richtext",
      "kind" : "remoteSourceControl",
      "location" : "https://github.com/nuPlay/RichText/",
      "state" : {
        "revision" : "3d645782db67d09c6e7f16481c0c0e6b9787e45b",
        "version" : "3.0.0"
      }
    }
  ],
  "version" : 3
}
