{
  "originHash" : "8b164ec75ccde7d8d60fe413005be0fb1290364afc336823df33816581da43f7",
  "pins" : [
    {
      "identity" : "richtext",
      "kind" : "remoteSourceControl",
      "location" : "https://github.com/nuPlay/RichText/",
      "state" : {
        "revision" : "3d645782db67d09c6e7f16481c0c0e6b9787e45b",
        "version" : "3.0.0"
      }
    },
    {
      "identity" : "swipeactions",
      "kind" : "remoteSourceControl",
      "location" : "https://github.com/c-villain/SwipeActions",
      "state" : {
        "revision" : "1fe7b4e2cea808b50f9dbdb64796153bd1f9edfe",
        "version" : "0.4.1"
      }
    }
  ],
  "version" : 3
}
