// !$*UTF8*$!
{
	archiveVersion = 1;
	classes = {
	};
	objectVersion = 56;
	objects = {

/* Begin PBXBuildFile section */
		48043EBF2B794E5F00D6CCB4 /* TranscriptView.swift in Sources */ = {isa = PBXBuildFile; fileRef = 48043EBE2B794E5F00D6CCB4 /* TranscriptView.swift */; };
		480CF9A92B52FD9100359A7E /* SettingsManager.swift in Sources */ = {isa = PBXBuildFile; fileRef = 480CF9A82B52FD9100359A7E /* SettingsManager.swift */; };
		480CF9AC2B53006900359A7E /* PodcastSettingsView.swift in Sources */ = {isa = PBXBuildFile; fileRef = 480CF9AB2B53006900359A7E /* PodcastSettingsView.swift */; };
		480CF9AE2B5308A600359A7E /* PlayerView.swift in Sources */ = {isa = PBXBuildFile; fileRef = 480CF9AD2B5308A600359A7E /* PlayerView.swift */; };
		480CF9B32B5426A100359A7E /* SkipNextView.swift in Sources */ = {isa = PBXBuildFile; fileRef = 480CF9B22B5426A100359A7E /* SkipNextView.swift */; };
		480D43142B208A3200BBB1CD /* DependenciesView.swift in Sources */ = {isa = PBXBuildFile; fileRef = 480D43132B208A3200BBB1CD /* DependenciesView.swift */; };
		480D431C2B20B5FD00BBB1CD /* DateRFC1123.swift in Sources */ = {isa = PBXBuildFile; fileRef = 480D431B2B20B5FD00BBB1CD /* DateRFC1123.swift */; };
		480D431F2B21082700BBB1CD /* PodcastView.swift in Sources */ = {isa = PBXBuildFile; fileRef = 480D431E2B21082700BBB1CD /* PodcastView.swift */; };
		480D43212B219D8200BBB1CD /* EpisodeView.swift in Sources */ = {isa = PBXBuildFile; fileRef = 480D43202B219D8200BBB1CD /* EpisodeView.swift */; };
		480D434B2B2347F900BBB1CD /* AddPodcastView.swift in Sources */ = {isa = PBXBuildFile; fileRef = 480D434A2B2347F900BBB1CD /* AddPodcastView.swift */; };
		4829A6F12B5A65BE00E27208 /* PlayerProgressSliderView.swift in Sources */ = {isa = PBXBuildFile; fileRef = 4829A6F02B5A65BE00E27208 /* PlayerProgressSliderView.swift */; };
		483AB80B2B511E2B00E20DF8 /* PlaylistManager.swift in Sources */ = {isa = PBXBuildFile; fileRef = 483AB80A2B511E2B00E20DF8 /* PlaylistManager.swift */; };
		484F93962B4307FF00C3E309 /* EpisodeControlView.swift in Sources */ = {isa = PBXBuildFile; fileRef = 484F93952B4307FF00C3E309 /* EpisodeControlView.swift */; };
		484F939E2B47391A00C3E309 /* EpisodeDownloadStatus.swift in Sources */ = {isa = PBXBuildFile; fileRef = 484F939D2B47391A00C3E309 /* EpisodeDownloadStatus.swift */; };
		484F93A02B47FA7000C3E309 /* OPMLParser.swift in Sources */ = {isa = PBXBuildFile; fileRef = 484F939F2B47FA7000C3E309 /* OPMLParser.swift */; };
		484F93A22B48082100C3E309 /* ImportExportView.swift in Sources */ = {isa = PBXBuildFile; fileRef = 484F93A12B48082100C3E309 /* ImportExportView.swift */; };
		484F93A62B4810BE00C3E309 /* Opml-icon.svg.png in Resources */ = {isa = PBXBuildFile; fileRef = 484F93A52B4810BE00C3E309 /* Opml-icon.svg.png */; };
		48553BBB2B751262008DDFE9 /* LibraryView.swift in Sources */ = {isa = PBXBuildFile; fileRef = 48553BBA2B751262008DDFE9 /* LibraryView.swift */; };
		48553BBD2B763115008DDFE9 /* SleepTimer.swift in Sources */ = {isa = PBXBuildFile; fileRef = 48553BBC2B763115008DDFE9 /* SleepTimer.swift */; };
		48790BC32B7C99310027E240 /* HTMLView.swift in Sources */ = {isa = PBXBuildFile; fileRef = 48790BC22B7C99310027E240 /* HTMLView.swift */; };
		489346EF2B4C316700DF4D82 /* ListofEpisodesView.swift in Sources */ = {isa = PBXBuildFile; fileRef = 489346EE2B4C316700DF4D82 /* ListofEpisodesView.swift */; };
		489346F22B4C4D8700DF4D82 /* DoubleExtensions.swift in Sources */ = {isa = PBXBuildFile; fileRef = 489346F12B4C4D8700DF4D82 /* DoubleExtensions.swift */; };
		48AA18972B2C59B8007558FC /* ImageLoader.swift in Sources */ = {isa = PBXBuildFile; fileRef = 48AA18962B2C59B8007558FC /* ImageLoader.swift */; };
		48BF0D152B72579E00EAF0B0 /* LocalNotificationManager.swift in Sources */ = {isa = PBXBuildFile; fileRef = 48BF0D142B72579E00EAF0B0 /* LocalNotificationManager.swift */; };
		48BF0D172B726B0300EAF0B0 /* FyydSearchManager.swift in Sources */ = {isa = PBXBuildFile; fileRef = 48BF0D162B726B0200EAF0B0 /* FyydSearchManager.swift */; };
		48BF0D192B727EC000EAF0B0 /* ArrayExtensions.swift in Sources */ = {isa = PBXBuildFile; fileRef = 48BF0D182B727EC000EAF0B0 /* ArrayExtensions.swift */; };
		48C043902B2F27690006C352 /* Stringextensions.swift in Sources */ = {isa = PBXBuildFile; fileRef = 48C0438F2B2F27690006C352 /* Stringextensions.swift */; };
		48C043922B2F2E160006C352 /* SettingsView.swift in Sources */ = {isa = PBXBuildFile; fileRef = 48C043912B2F2E160006C352 /* SettingsView.swift */; };
		48C043962B34C4C10006C352 /* DownloadManager.swift in Sources */ = {isa = PBXBuildFile; fileRef = 48C043952B34C4C10006C352 /* DownloadManager.swift */; };
		48C0439A2B3C28280006C352 /* SubscriptionManager.swift in Sources */ = {isa = PBXBuildFile; fileRef = 48C043992B3C28280006C352 /* SubscriptionManager.swift */; };
		48C0439C2B3CBBA50006C352 /* EpisodeListView.swift in Sources */ = {isa = PBXBuildFile; fileRef = 48C0439B2B3CBBA50006C352 /* EpisodeListView.swift */; };
		48C726782B6CDA34007AF19E /* SequenceExtension.swift in Sources */ = {isa = PBXBuildFile; fileRef = 48C726772B6CDA34007AF19E /* SequenceExtension.swift */; };
		48C7267A2B6CF067007AF19E /* EpisodeExtension.swift in Sources */ = {isa = PBXBuildFile; fileRef = 48C726792B6CF067007AF19E /* EpisodeExtension.swift */; };
		48D525602B7020B9001FF830 /* iTunesSearchManager.swift in Sources */ = {isa = PBXBuildFile; fileRef = 48D5255F2B7020B9001FF830 /* iTunesSearchManager.swift */; };
		48D525622B702617001FF830 /* ITunesResultView.swift in Sources */ = {isa = PBXBuildFile; fileRef = 48D525612B702617001FF830 /* ITunesResultView.swift */; };
		48DC0B5D2B5E996F00A6A0D0 /* PersistanceManager.swift in Sources */ = {isa = PBXBuildFile; fileRef = 48DC0B5C2B5E996F00A6A0D0 /* PersistanceManager.swift */; };
		48DC0B5F2B5FA19300A6A0D0 /* PlayerChapterView.swift in Sources */ = {isa = PBXBuildFile; fileRef = 48DC0B5E2B5FA19300A6A0D0 /* PlayerChapterView.swift */; };
		48DC0B612B5FA50F00A6A0D0 /* ChapterListView.swift in Sources */ = {isa = PBXBuildFile; fileRef = 48DC0B602B5FA50F00A6A0D0 /* ChapterListView.swift */; };
		48DC0B632B659C9500A6A0D0 /* InboxView.swift in Sources */ = {isa = PBXBuildFile; fileRef = 48DC0B622B659C9500A6A0D0 /* InboxView.swift */; };
		48DC0B652B67CA4800A6A0D0 /* Event.swift in Sources */ = {isa = PBXBuildFile; fileRef = 48DC0B642B67CA4700A6A0D0 /* Event.swift */; };
		48E0915D2B19FE7100DFE83A /* PodcastClientApp.swift in Sources */ = {isa = PBXBuildFile; fileRef = 48E0915C2B19FE7100DFE83A /* PodcastClientApp.swift */; };
		48E091632B19FE7400DFE83A /* Assets.xcassets in Resources */ = {isa = PBXBuildFile; fileRef = 48E091622B19FE7400DFE83A /* Assets.xcassets */; };
		48E091662B19FE7400DFE83A /* Preview Assets.xcassets in Resources */ = {isa = PBXBuildFile; fileRef = 48E091652B19FE7400DFE83A /* Preview Assets.xcassets */; };
		48E091832B1A250100DFE83A /* PodcastSettings.swift in Sources */ = {isa = PBXBuildFile; fileRef = 48E0917E2B1A250100DFE83A /* PodcastSettings.swift */; };
		48E091842B1A250100DFE83A /* Chapter.swift in Sources */ = {isa = PBXBuildFile; fileRef = 48E0917F2B1A250100DFE83A /* Chapter.swift */; };
		48E091852B1A250100DFE83A /* Episode.swift in Sources */ = {isa = PBXBuildFile; fileRef = 48E091802B1A250100DFE83A /* Episode.swift */; };
		48E091872B1A250100DFE83A /* Podcast.swift in Sources */ = {isa = PBXBuildFile; fileRef = 48E091822B1A250100DFE83A /* Podcast.swift */; };
		48E091892B1A29D000DFE83A /* Player.swift in Sources */ = {isa = PBXBuildFile; fileRef = 48E091882B1A29D000DFE83A /* Player.swift */; };
		48E0918C2B1A2ADE00DFE83A /* Playlist.swift in Sources */ = {isa = PBXBuildFile; fileRef = 48E0918B2B1A2ADE00DFE83A /* Playlist.swift */; };
		48E0918F2B1A5B0F00DFE83A /* PodcastListView.swift in Sources */ = {isa = PBXBuildFile; fileRef = 48E0918E2B1A5B0F00DFE83A /* PodcastListView.swift */; };
		48E091922B1A693800DFE83A /* TabBarView.swift in Sources */ = {isa = PBXBuildFile; fileRef = 48E091912B1A693800DFE83A /* TabBarView.swift */; };
		48E091942B1A70F700DFE83A /* PlayerControlsView.swift in Sources */ = {isa = PBXBuildFile; fileRef = 48E091932B1A70F700DFE83A /* PlayerControlsView.swift */; };
		48E091962B1A743B00DFE83A /* PlaylistView.swift in Sources */ = {isa = PBXBuildFile; fileRef = 48E091952B1A743B00DFE83A /* PlaylistView.swift */; };
		48E091982B1B12DC00DFE83A /* PodcastParser.swift in Sources */ = {isa = PBXBuildFile; fileRef = 48E091972B1B12DC00DFE83A /* PodcastParser.swift */; };
		48FBE9D12B49360800B278C5 /* URLextension.swift in Sources */ = {isa = PBXBuildFile; fileRef = 48FBE9D02B49360800B278C5 /* URLextension.swift */; };
		48FFCCF42B3DC4850086F0F5 /* Localizable.xcstrings in Resources */ = {isa = PBXBuildFile; fileRef = 48FFCCF32B3DC4850086F0F5 /* Localizable.xcstrings */; };
/* End PBXBuildFile section */

/* Begin PBXFileReference section */
		48043EBE2B794E5F00D6CCB4 /* TranscriptView.swift */ = {isa = PBXFileReference; lastKnownFileType = sourcecode.swift; path = TranscriptView.swift; sourceTree = "<group>"; };
		480CF9A82B52FD9100359A7E /* SettingsManager.swift */ = {isa = PBXFileReference; fileEncoding = 4; lastKnownFileType = sourcecode.swift; path = SettingsManager.swift; sourceTree = "<group>"; };
		480CF9AB2B53006900359A7E /* PodcastSettingsView.swift */ = {isa = PBXFileReference; lastKnownFileType = sourcecode.swift; path = PodcastSettingsView.swift; sourceTree = "<group>"; };
		480CF9AD2B5308A600359A7E /* PlayerView.swift */ = {isa = PBXFileReference; lastKnownFileType = sourcecode.swift; path = PlayerView.swift; sourceTree = "<group>"; };
		480CF9B12B54229800359A7E /* UIExperiments.playground */ = {isa = PBXFileReference; lastKnownFileType = file.playground; path = UIExperiments.playground; sourceTree = "<group>"; xcLanguageSpecificationIdentifier = xcode.lang.swift; };
		480CF9B22B5426A100359A7E /* SkipNextView.swift */ = {isa = PBXFileReference; lastKnownFileType = sourcecode.swift; path = SkipNextView.swift; sourceTree = "<group>"; };
		480D43132B208A3200BBB1CD /* DependenciesView.swift */ = {isa = PBXFileReference; lastKnownFileType = sourcecode.swift; path = DependenciesView.swift; sourceTree = "<group>"; };
		480D431B2B20B5FD00BBB1CD /* DateRFC1123.swift */ = {isa = PBXFileReference; lastKnownFileType = sourcecode.swift; path = DateRFC1123.swift; sourceTree = "<group>"; };
		480D431E2B21082700BBB1CD /* PodcastView.swift */ = {isa = PBXFileReference; lastKnownFileType = sourcecode.swift; path = PodcastView.swift; sourceTree = "<group>"; };
		480D43202B219D8200BBB1CD /* EpisodeView.swift */ = {isa = PBXFileReference; fileEncoding = 4; lastKnownFileType = sourcecode.swift; path = EpisodeView.swift; sourceTree = "<group>"; };
		480D434A2B2347F900BBB1CD /* AddPodcastView.swift */ = {isa = PBXFileReference; lastKnownFileType = sourcecode.swift; path = AddPodcastView.swift; sourceTree = "<group>"; };
		4829A6F02B5A65BE00E27208 /* PlayerProgressSliderView.swift */ = {isa = PBXFileReference; lastKnownFileType = sourcecode.swift; path = PlayerProgressSliderView.swift; sourceTree = "<group>"; };
		483AB80A2B511E2B00E20DF8 /* PlaylistManager.swift */ = {isa = PBXFileReference; lastKnownFileType = sourcecode.swift; path = PlaylistManager.swift; sourceTree = "<group>"; };
		484F93952B4307FF00C3E309 /* EpisodeControlView.swift */ = {isa = PBXFileReference; lastKnownFileType = sourcecode.swift; path = EpisodeControlView.swift; sourceTree = "<group>"; };
		484F939D2B47391A00C3E309 /* EpisodeDownloadStatus.swift */ = {isa = PBXFileReference; lastKnownFileType = sourcecode.swift; path = EpisodeDownloadStatus.swift; sourceTree = "<group>"; };
		484F939F2B47FA7000C3E309 /* OPMLParser.swift */ = {isa = PBXFileReference; lastKnownFileType = sourcecode.swift; path = OPMLParser.swift; sourceTree = "<group>"; };
		484F93A12B48082100C3E309 /* ImportExportView.swift */ = {isa = PBXFileReference; lastKnownFileType = sourcecode.swift; path = ImportExportView.swift; sourceTree = "<group>"; };
		484F93A52B4810BE00C3E309 /* Opml-icon.svg.png */ = {isa = PBXFileReference; lastKnownFileType = image.png; path = "Opml-icon.svg.png"; sourceTree = "<group>"; };
		48553BBA2B751262008DDFE9 /* LibraryView.swift */ = {isa = PBXFileReference; fileEncoding = 4; lastKnownFileType = sourcecode.swift; path = LibraryView.swift; sourceTree = "<group>"; };
		48553BBC2B763115008DDFE9 /* SleepTimer.swift */ = {isa = PBXFileReference; lastKnownFileType = sourcecode.swift; path = SleepTimer.swift; sourceTree = "<group>"; };
		48790BC22B7C99310027E240 /* HTMLView.swift */ = {isa = PBXFileReference; lastKnownFileType = sourcecode.swift; path = HTMLView.swift; sourceTree = "<group>"; };
		489346EE2B4C316700DF4D82 /* ListofEpisodesView.swift */ = {isa = PBXFileReference; lastKnownFileType = sourcecode.swift; path = ListofEpisodesView.swift; sourceTree = "<group>"; };
		489346F12B4C4D8700DF4D82 /* DoubleExtensions.swift */ = {isa = PBXFileReference; lastKnownFileType = sourcecode.swift; path = DoubleExtensions.swift; sourceTree = "<group>"; };
		48AA18962B2C59B8007558FC /* ImageLoader.swift */ = {isa = PBXFileReference; lastKnownFileType = sourcecode.swift; path = ImageLoader.swift; sourceTree = "<group>"; };
		48BF0D142B72579E00EAF0B0 /* LocalNotificationManager.swift */ = {isa = PBXFileReference; lastKnownFileType = sourcecode.swift; path = LocalNotificationManager.swift; sourceTree = "<group>"; };
		48BF0D162B726B0200EAF0B0 /* FyydSearchManager.swift */ = {isa = PBXFileReference; lastKnownFileType = sourcecode.swift; path = FyydSearchManager.swift; sourceTree = "<group>"; };
		48BF0D182B727EC000EAF0B0 /* ArrayExtensions.swift */ = {isa = PBXFileReference; lastKnownFileType = sourcecode.swift; path = ArrayExtensions.swift; sourceTree = "<group>"; };
		48C0438F2B2F27690006C352 /* Stringextensions.swift */ = {isa = PBXFileReference; lastKnownFileType = sourcecode.swift; path = Stringextensions.swift; sourceTree = "<group>"; };
		48C043912B2F2E160006C352 /* SettingsView.swift */ = {isa = PBXFileReference; lastKnownFileType = sourcecode.swift; path = SettingsView.swift; sourceTree = "<group>"; };
		48C043952B34C4C10006C352 /* DownloadManager.swift */ = {isa = PBXFileReference; lastKnownFileType = sourcecode.swift; path = DownloadManager.swift; sourceTree = "<group>"; };
		48C043982B3C0B730006C352 /* AppIcon.afdesign */ = {isa = PBXFileReference; lastKnownFileType = file; path = AppIcon.afdesign; sourceTree = "<group>"; };
		48C043992B3C28280006C352 /* SubscriptionManager.swift */ = {isa = PBXFileReference; lastKnownFileType = sourcecode.swift; path = SubscriptionManager.swift; sourceTree = "<group>"; };
		48C0439B2B3CBBA50006C352 /* EpisodeListView.swift */ = {isa = PBXFileReference; fileEncoding = 4; lastKnownFileType = sourcecode.swift; path = EpisodeListView.swift; sourceTree = "<group>"; };
		48C726772B6CDA34007AF19E /* SequenceExtension.swift */ = {isa = PBXFileReference; lastKnownFileType = sourcecode.swift; path = SequenceExtension.swift; sourceTree = "<group>"; };
		48C726792B6CF067007AF19E /* EpisodeExtension.swift */ = {isa = PBXFileReference; lastKnownFileType = sourcecode.swift; path = EpisodeExtension.swift; sourceTree = "<group>"; };
		48D5255F2B7020B9001FF830 /* iTunesSearchManager.swift */ = {isa = PBXFileReference; lastKnownFileType = sourcecode.swift; path = iTunesSearchManager.swift; sourceTree = "<group>"; };
		48D525612B702617001FF830 /* ITunesResultView.swift */ = {isa = PBXFileReference; lastKnownFileType = sourcecode.swift; path = ITunesResultView.swift; sourceTree = "<group>"; };
		48DC0B5C2B5E996F00A6A0D0 /* PersistanceManager.swift */ = {isa = PBXFileReference; lastKnownFileType = sourcecode.swift; path = PersistanceManager.swift; sourceTree = "<group>"; };
		48DC0B5E2B5FA19300A6A0D0 /* PlayerChapterView.swift */ = {isa = PBXFileReference; lastKnownFileType = sourcecode.swift; path = PlayerChapterView.swift; sourceTree = "<group>"; };
		48DC0B602B5FA50F00A6A0D0 /* ChapterListView.swift */ = {isa = PBXFileReference; lastKnownFileType = sourcecode.swift; path = ChapterListView.swift; sourceTree = "<group>"; };
		48DC0B622B659C9500A6A0D0 /* InboxView.swift */ = {isa = PBXFileReference; fileEncoding = 4; lastKnownFileType = sourcecode.swift; path = InboxView.swift; sourceTree = "<group>"; };
		48DC0B642B67CA4700A6A0D0 /* Event.swift */ = {isa = PBXFileReference; lastKnownFileType = sourcecode.swift; path = Event.swift; sourceTree = "<group>"; };
		48DC0B682B67D2FF00A6A0D0 /* README.md */ = {isa = PBXFileReference; lastKnownFileType = net.daringfireball.markdown; path = README.md; sourceTree = "<group>"; };
		48DC0B6D2B67D67B00A6A0D0 /* README.md */ = {isa = PBXFileReference; fileEncoding = 4; lastKnownFileType = net.daringfireball.markdown; name = README.md; path = PodcastClient/Features/Chapters/README.md; sourceTree = SOURCE_ROOT; };
		48DC0B6F2B67D6D200A6A0D0 /* README.md */ = {isa = PBXFileReference; lastKnownFileType = net.daringfireball.markdown; path = README.md; sourceTree = "<group>"; };
		48DC0B712B67D8B100A6A0D0 /* README.md */ = {isa = PBXFileReference; lastKnownFileType = net.daringfireball.markdown; path = README.md; sourceTree = "<group>"; };
		48E091592B19FE7100DFE83A /* PodcastClient.app */ = {isa = PBXFileReference; explicitFileType = wrapper.application; includeInIndex = 0; path = PodcastClient.app; sourceTree = BUILT_PRODUCTS_DIR; };
		48E0915C2B19FE7100DFE83A /* PodcastClientApp.swift */ = {isa = PBXFileReference; lastKnownFileType = sourcecode.swift; path = PodcastClientApp.swift; sourceTree = "<group>"; };
		48E091622B19FE7400DFE83A /* Assets.xcassets */ = {isa = PBXFileReference; lastKnownFileType = folder.assetcatalog; path = Assets.xcassets; sourceTree = "<group>"; };
		48E091652B19FE7400DFE83A /* Preview Assets.xcassets */ = {isa = PBXFileReference; lastKnownFileType = folder.assetcatalog; path = "Preview Assets.xcassets"; sourceTree = "<group>"; };
		48E091672B19FE7400DFE83A /* PodcastClient.entitlements */ = {isa = PBXFileReference; lastKnownFileType = text.plist.entitlements; path = PodcastClient.entitlements; sourceTree = "<group>"; };
		48E091682B19FE7400DFE83A /* Info.plist */ = {isa = PBXFileReference; lastKnownFileType = text.plist.xml; path = Info.plist; sourceTree = "<group>"; };
		48E0917B2B1A06C200DFE83A /* README.md */ = {isa = PBXFileReference; fileEncoding = 4; lastKnownFileType = net.daringfireball.markdown; path = README.md; sourceTree = "<group>"; };
		48E0917E2B1A250100DFE83A /* PodcastSettings.swift */ = {isa = PBXFileReference; fileEncoding = 4; lastKnownFileType = sourcecode.swift; path = PodcastSettings.swift; sourceTree = "<group>"; };
		48E0917F2B1A250100DFE83A /* Chapter.swift */ = {isa = PBXFileReference; fileEncoding = 4; lastKnownFileType = sourcecode.swift; path = Chapter.swift; sourceTree = "<group>"; };
		48E091802B1A250100DFE83A /* Episode.swift */ = {isa = PBXFileReference; fileEncoding = 4; lastKnownFileType = sourcecode.swift; path = Episode.swift; sourceTree = "<group>"; };
		48E091822B1A250100DFE83A /* Podcast.swift */ = {isa = PBXFileReference; fileEncoding = 4; lastKnownFileType = sourcecode.swift; path = Podcast.swift; sourceTree = "<group>"; };
		48E091882B1A29D000DFE83A /* Player.swift */ = {isa = PBXFileReference; lastKnownFileType = sourcecode.swift; path = Player.swift; sourceTree = "<group>"; };
		48E0918B2B1A2ADE00DFE83A /* Playlist.swift */ = {isa = PBXFileReference; lastKnownFileType = sourcecode.swift; path = Playlist.swift; sourceTree = "<group>"; };
		48E0918E2B1A5B0F00DFE83A /* PodcastListView.swift */ = {isa = PBXFileReference; lastKnownFileType = sourcecode.swift; path = PodcastListView.swift; sourceTree = "<group>"; };
		48E091912B1A693800DFE83A /* TabBarView.swift */ = {isa = PBXFileReference; lastKnownFileType = sourcecode.swift; path = TabBarView.swift; sourceTree = "<group>"; };
		48E091932B1A70F700DFE83A /* PlayerControlsView.swift */ = {isa = PBXFileReference; lastKnownFileType = sourcecode.swift; path = PlayerControlsView.swift; sourceTree = "<group>"; };
		48E091952B1A743B00DFE83A /* PlaylistView.swift */ = {isa = PBXFileReference; lastKnownFileType = sourcecode.swift; path = PlaylistView.swift; sourceTree = "<group>"; };
		48E091972B1B12DC00DFE83A /* PodcastParser.swift */ = {isa = PBXFileReference; lastKnownFileType = sourcecode.swift; path = PodcastParser.swift; sourceTree = "<group>"; };
		48FBE9D02B49360800B278C5 /* URLextension.swift */ = {isa = PBXFileReference; lastKnownFileType = sourcecode.swift; path = URLextension.swift; sourceTree = "<group>"; };
		48FFCCF32B3DC4850086F0F5 /* Localizable.xcstrings */ = {isa = PBXFileReference; lastKnownFileType = text.json.xcstrings; name = Localizable.xcstrings; path = PodcastClient/Localizable.xcstrings; sourceTree = "<group>"; };
/* End PBXFileReference section */

/* Begin PBXFrameworksBuildPhase section */
		48E091562B19FE7100DFE83A /* Frameworks */ = {
			isa = PBXFrameworksBuildPhase;
			buildActionMask = 2147483647;
			files = (
			);
			runOnlyForDeploymentPostprocessing = 0;
		};
/* End PBXFrameworksBuildPhase section */

/* Begin PBXGroup section */
		48043EC02B7B65CA00D6CCB4 /* Playlists */ = {
			isa = PBXGroup;
			children = (
				483AB80A2B511E2B00E20DF8 /* PlaylistManager.swift */,
				48E091952B1A743B00DFE83A /* PlaylistView.swift */,
			);
			path = Playlists;
			sourceTree = "<group>";
		};
		480CF9AA2B53000900359A7E /* Podcast */ = {
			isa = PBXGroup;
			children = (
				489346F02B4C346600DF4D82 /* Subviews */,
				480D431E2B21082700BBB1CD /* PodcastView.swift */,
				48C0439B2B3CBBA50006C352 /* EpisodeListView.swift */,
				480D43202B219D8200BBB1CD /* EpisodeView.swift */,
				48DC0B622B659C9500A6A0D0 /* InboxView.swift */,
				48553BBA2B751262008DDFE9 /* LibraryView.swift */,
			);
			path = Podcast;
			sourceTree = "<group>";
		};
		480CF9B42B5426D800359A7E /* ElementaryViews */ = {
			isa = PBXGroup;
			children = (
				4829A6F02B5A65BE00E27208 /* PlayerProgressSliderView.swift */,
			);
			path = ElementaryViews;
			sourceTree = "<group>";
		};
		484F939A2B4733F600C3E309 /* DataClasses */ = {
			isa = PBXGroup;
			children = (
				48E091802B1A250100DFE83A /* Episode.swift */,
				48E091822B1A250100DFE83A /* Podcast.swift */,
				48E0918B2B1A2ADE00DFE83A /* Playlist.swift */,
			);
			path = DataClasses;
			sourceTree = "<group>";
		};
		48553BB92B751208008DDFE9 /* to be deleted */ = {
			isa = PBXGroup;
			children = (
				48E0918E2B1A5B0F00DFE83A /* PodcastListView.swift */,
			);
			path = "to be deleted";
			sourceTree = "<group>";
		};
		489346F02B4C346600DF4D82 /* Subviews */ = {
			isa = PBXGroup;
			children = (
				484F939D2B47391A00C3E309 /* EpisodeDownloadStatus.swift */,
				489346EE2B4C316700DF4D82 /* ListofEpisodesView.swift */,
				484F93952B4307FF00C3E309 /* EpisodeControlView.swift */,
				48E091932B1A70F700DFE83A /* PlayerControlsView.swift */,
				48790BC22B7C99310027E240 /* HTMLView.swift */,
			);
			path = Subviews;
			sourceTree = "<group>";
		};
		48AA18952B2C599D007558FC /* SupportClasses */ = {
			isa = PBXGroup;
			children = (
				48AA18962B2C59B8007558FC /* ImageLoader.swift */,
				48C0438F2B2F27690006C352 /* Stringextensions.swift */,
				48FBE9D02B49360800B278C5 /* URLextension.swift */,
				489346F12B4C4D8700DF4D82 /* DoubleExtensions.swift */,
				48C726772B6CDA34007AF19E /* SequenceExtension.swift */,
				48BF0D182B727EC000EAF0B0 /* ArrayExtensions.swift */,
				480D431B2B20B5FD00BBB1CD /* DateRFC1123.swift */,
			);
			path = SupportClasses;
			sourceTree = "<group>";
		};
		48BF0D132B72578200EAF0B0 /* Notification */ = {
			isa = PBXGroup;
			children = (
				48BF0D142B72579E00EAF0B0 /* LocalNotificationManager.swift */,
			);
			path = Notification;
			sourceTree = "<group>";
		};
		48C043972B3C0B480006C352 /* Images-Source */ = {
			isa = PBXGroup;
			children = (
				48C043982B3C0B730006C352 /* AppIcon.afdesign */,
			);
			path = "Images-Source";
			sourceTree = "<group>";
		};
		48C726762B6CC311007AF19E /* Subscribe */ = {
			isa = PBXGroup;
			children = (
				484F93A12B48082100C3E309 /* ImportExportView.swift */,
				48C043992B3C28280006C352 /* SubscriptionManager.swift */,
				484F939F2B47FA7000C3E309 /* OPMLParser.swift */,
				48E091972B1B12DC00DFE83A /* PodcastParser.swift */,
				48C043952B34C4C10006C352 /* DownloadManager.swift */,
			);
			path = Subscribe;
			sourceTree = "<group>";
		};
		48D5255E2B7020A3001FF830 /* Search */ = {
			isa = PBXGroup;
			children = (
				480D434A2B2347F900BBB1CD /* AddPodcastView.swift */,
				48D5255F2B7020B9001FF830 /* iTunesSearchManager.swift */,
				48D525612B702617001FF830 /* ITunesResultView.swift */,
				48BF0D162B726B0200EAF0B0 /* FyydSearchManager.swift */,
			);
			path = Search;
			sourceTree = "<group>";
		};
		48DC0B662B67D2B600A6A0D0 /* Features */ = {
			isa = PBXGroup;
			children = (
				48DC0B5C2B5E996F00A6A0D0 /* PersistanceManager.swift */,
				48043EC02B7B65CA00D6CCB4 /* Playlists */,
				48BF0D132B72578200EAF0B0 /* Notification */,
				48D5255E2B7020A3001FF830 /* Search */,
				48C726762B6CC311007AF19E /* Subscribe */,
				48DC0B702B67D8A000A6A0D0 /* Transcripts */,
				48DC0B6B2B67D5E700A6A0D0 /* Settings */,
				48DC0B692B67D56F00A6A0D0 /* Chapters */,
				48DC0B672B67D2C800A6A0D0 /* SkipdetectionANDBookmarks */,
				48553BBC2B763115008DDFE9 /* SleepTimer.swift */,
			);
			path = Features;
			sourceTree = "<group>";
		};
		48DC0B672B67D2C800A6A0D0 /* SkipdetectionANDBookmarks */ = {
			isa = PBXGroup;
			children = (
				48DC0B682B67D2FF00A6A0D0 /* README.md */,
				48DC0B642B67CA4700A6A0D0 /* Event.swift */,
			);
			path = SkipdetectionANDBookmarks;
			sourceTree = "<group>";
		};
		48DC0B692B67D56F00A6A0D0 /* Chapters */ = {
			isa = PBXGroup;
			children = (
				48DC0B6D2B67D67B00A6A0D0 /* README.md */,
				48E0917F2B1A250100DFE83A /* Chapter.swift */,
				48DC0B602B5FA50F00A6A0D0 /* ChapterListView.swift */,
				48DC0B5E2B5FA19300A6A0D0 /* PlayerChapterView.swift */,
				480CF9B22B5426A100359A7E /* SkipNextView.swift */,
				48C726792B6CF067007AF19E /* EpisodeExtension.swift */,
			);
			path = Chapters;
			sourceTree = "<group>";
		};
		48DC0B6B2B67D5E700A6A0D0 /* Settings */ = {
			isa = PBXGroup;
			children = (
				48DC0B6F2B67D6D200A6A0D0 /* README.md */,
				480CF9A82B52FD9100359A7E /* SettingsManager.swift */,
				48E0917E2B1A250100DFE83A /* PodcastSettings.swift */,
				480CF9AB2B53006900359A7E /* PodcastSettingsView.swift */,
			);
			path = Settings;
			sourceTree = "<group>";
		};
		48DC0B702B67D8A000A6A0D0 /* Transcripts */ = {
			isa = PBXGroup;
			children = (
				48DC0B712B67D8B100A6A0D0 /* README.md */,
				48043EBE2B794E5F00D6CCB4 /* TranscriptView.swift */,
			);
			path = Transcripts;
			sourceTree = "<group>";
		};
		48E091502B19FE7100DFE83A = {
			isa = PBXGroup;
			children = (
				480CF9B12B54229800359A7E /* UIExperiments.playground */,
				484F93A52B4810BE00C3E309 /* Opml-icon.svg.png */,
				48FFCCF32B3DC4850086F0F5 /* Localizable.xcstrings */,
				48C043972B3C0B480006C352 /* Images-Source */,
				48E0917B2B1A06C200DFE83A /* README.md */,
				48E0915B2B19FE7100DFE83A /* PodcastClient */,
				48E0915A2B19FE7100DFE83A /* Products */,
			);
			sourceTree = "<group>";
		};
		48E0915A2B19FE7100DFE83A /* Products */ = {
			isa = PBXGroup;
			children = (
				48E091592B19FE7100DFE83A /* PodcastClient.app */,
			);
			name = Products;
			sourceTree = "<group>";
		};
		48E0915B2B19FE7100DFE83A /* PodcastClient */ = {
			isa = PBXGroup;
			children = (
				48E0915C2B19FE7100DFE83A /* PodcastClientApp.swift */,
				48E091912B1A693800DFE83A /* TabBarView.swift */,
				484F939A2B4733F600C3E309 /* DataClasses */,
				48DC0B662B67D2B600A6A0D0 /* Features */,
				48E0918D2B1A589600DFE83A /* Views */,
				48AA18952B2C599D007558FC /* SupportClasses */,
				48E091882B1A29D000DFE83A /* Player.swift */,
				480CF9AD2B5308A600359A7E /* PlayerView.swift */,
				48E091622B19FE7400DFE83A /* Assets.xcassets */,
				48E091672B19FE7400DFE83A /* PodcastClient.entitlements */,
				48E091682B19FE7400DFE83A /* Info.plist */,
				48E091642B19FE7400DFE83A /* Preview Content */,
			);
			path = PodcastClient;
			sourceTree = "<group>";
		};
		48E091642B19FE7400DFE83A /* Preview Content */ = {
			isa = PBXGroup;
			children = (
				48E091652B19FE7400DFE83A /* Preview Assets.xcassets */,
			);
			path = "Preview Content";
			sourceTree = "<group>";
		};
		48E0918D2B1A589600DFE83A /* Views */ = {
			isa = PBXGroup;
			children = (
				48553BB92B751208008DDFE9 /* to be deleted */,
				480CF9B42B5426D800359A7E /* ElementaryViews */,
				480CF9AA2B53000900359A7E /* Podcast */,
				48C043912B2F2E160006C352 /* SettingsView.swift */,
				480D43132B208A3200BBB1CD /* DependenciesView.swift */,
			);
			path = Views;
			sourceTree = "<group>";
		};
/* End PBXGroup section */

/* Begin PBXNativeTarget section */
		48E091582B19FE7100DFE83A /* PodcastClient */ = {
			isa = PBXNativeTarget;
			buildConfigurationList = 48E0916B2B19FE7400DFE83A /* Build configuration list for PBXNativeTarget "PodcastClient" */;
			buildPhases = (
				48E091552B19FE7100DFE83A /* Sources */,
				48E091562B19FE7100DFE83A /* Frameworks */,
				48E091572B19FE7100DFE83A /* Resources */,
			);
			buildRules = (
			);
			dependencies = (
			);
			name = PodcastClient;
			packageProductDependencies = (
			);
			productName = PodcastClient;
			productReference = 48E091592B19FE7100DFE83A /* PodcastClient.app */;
			productType = "com.apple.product-type.application";
		};
/* End PBXNativeTarget section */

/* Begin PBXProject section */
		48E091512B19FE7100DFE83A /* Project object */ = {
			isa = PBXProject;
			attributes = {
				BuildIndependentTargetsInParallel = 1;
				LastSwiftUpdateCheck = 1500;
				LastUpgradeCheck = 1500;
				TargetAttributes = {
					48E091582B19FE7100DFE83A = {
						CreatedOnToolsVersion = 15.0;
					};
				};
			};
			buildConfigurationList = 48E091542B19FE7100DFE83A /* Build configuration list for PBXProject "PodcastClient" */;
			compatibilityVersion = "Xcode 14.0";
			developmentRegion = en;
			hasScannedForEncodings = 0;
			knownRegions = (
				en,
				Base,
			);
			mainGroup = 48E091502B19FE7100DFE83A;
			packageReferences = (
			);
			productRefGroup = 48E0915A2B19FE7100DFE83A /* Products */;
			projectDirPath = "";
			projectRoot = "";
			targets = (
				48E091582B19FE7100DFE83A /* PodcastClient */,
			);
		};
/* End PBXProject section */

/* Begin PBXResourcesBuildPhase section */
		48E091572B19FE7100DFE83A /* Resources */ = {
			isa = PBXResourcesBuildPhase;
			buildActionMask = 2147483647;
			files = (
				48E091662B19FE7400DFE83A /* Preview Assets.xcassets in Resources */,
				484F93A62B4810BE00C3E309 /* Opml-icon.svg.png in Resources */,
				48FFCCF42B3DC4850086F0F5 /* Localizable.xcstrings in Resources */,
				48E091632B19FE7400DFE83A /* Assets.xcassets in Resources */,
			);
			runOnlyForDeploymentPostprocessing = 0;
		};
/* End PBXResourcesBuildPhase section */

/* Begin PBXSourcesBuildPhase section */
		48E091552B19FE7100DFE83A /* Sources */ = {
			isa = PBXSourcesBuildPhase;
			buildActionMask = 2147483647;
			files = (
				48C043922B2F2E160006C352 /* SettingsView.swift in Sources */,
				48DC0B5D2B5E996F00A6A0D0 /* PersistanceManager.swift in Sources */,
				48BF0D152B72579E00EAF0B0 /* LocalNotificationManager.swift in Sources */,
				48DC0B652B67CA4800A6A0D0 /* Event.swift in Sources */,
				48C7267A2B6CF067007AF19E /* EpisodeExtension.swift in Sources */,
				489346EF2B4C316700DF4D82 /* ListofEpisodesView.swift in Sources */,
				48C043962B34C4C10006C352 /* DownloadManager.swift in Sources */,
				484F93962B4307FF00C3E309 /* EpisodeControlView.swift in Sources */,
				48E091942B1A70F700DFE83A /* PlayerControlsView.swift in Sources */,
				48553BBD2B763115008DDFE9 /* SleepTimer.swift in Sources */,
				48DC0B612B5FA50F00A6A0D0 /* ChapterListView.swift in Sources */,
				480D43142B208A3200BBB1CD /* DependenciesView.swift in Sources */,
				48BF0D172B726B0300EAF0B0 /* FyydSearchManager.swift in Sources */,
				48E091852B1A250100DFE83A /* Episode.swift in Sources */,
				48E091842B1A250100DFE83A /* Chapter.swift in Sources */,
				48E0918F2B1A5B0F00DFE83A /* PodcastListView.swift in Sources */,
				48DC0B632B659C9500A6A0D0 /* InboxView.swift in Sources */,
				48C0439C2B3CBBA50006C352 /* EpisodeListView.swift in Sources */,
				484F939E2B47391A00C3E309 /* EpisodeDownloadStatus.swift in Sources */,
				4829A6F12B5A65BE00E27208 /* PlayerProgressSliderView.swift in Sources */,
				48C043902B2F27690006C352 /* Stringextensions.swift in Sources */,
				48E0915D2B19FE7100DFE83A /* PodcastClientApp.swift in Sources */,
				48C0439A2B3C28280006C352 /* SubscriptionManager.swift in Sources */,
				480CF9AC2B53006900359A7E /* PodcastSettingsView.swift in Sources */,
				480D434B2B2347F900BBB1CD /* AddPodcastView.swift in Sources */,
				480D43212B219D8200BBB1CD /* EpisodeView.swift in Sources */,
				484F93A02B47FA7000C3E309 /* OPMLParser.swift in Sources */,
				48FBE9D12B49360800B278C5 /* URLextension.swift in Sources */,
				48D525622B702617001FF830 /* ITunesResultView.swift in Sources */,
				48E091962B1A743B00DFE83A /* PlaylistView.swift in Sources */,
				48E091872B1A250100DFE83A /* Podcast.swift in Sources */,
				480CF9A92B52FD9100359A7E /* SettingsManager.swift in Sources */,
				48BF0D192B727EC000EAF0B0 /* ArrayExtensions.swift in Sources */,
				480D431F2B21082700BBB1CD /* PodcastView.swift in Sources */,
				480CF9AE2B5308A600359A7E /* PlayerView.swift in Sources */,
				48DC0B5F2B5FA19300A6A0D0 /* PlayerChapterView.swift in Sources */,
				48553BBB2B751262008DDFE9 /* LibraryView.swift in Sources */,
				48AA18972B2C59B8007558FC /* ImageLoader.swift in Sources */,
				48043EBF2B794E5F00D6CCB4 /* TranscriptView.swift in Sources */,
				489346F22B4C4D8700DF4D82 /* DoubleExtensions.swift in Sources */,
				484F93A22B48082100C3E309 /* ImportExportView.swift in Sources */,
				48790BC32B7C99310027E240 /* HTMLView.swift in Sources */,
				480D431C2B20B5FD00BBB1CD /* DateRFC1123.swift in Sources */,
				48E091892B1A29D000DFE83A /* Player.swift in Sources */,
				480CF9B32B5426A100359A7E /* SkipNextView.swift in Sources */,
				48C726782B6CDA34007AF19E /* SequenceExtension.swift in Sources */,
				483AB80B2B511E2B00E20DF8 /* PlaylistManager.swift in Sources */,
				48E091982B1B12DC00DFE83A /* PodcastParser.swift in Sources */,
				48E091832B1A250100DFE83A /* PodcastSettings.swift in Sources */,
				48D525602B7020B9001FF830 /* iTunesSearchManager.swift in Sources */,
				48E091922B1A693800DFE83A /* TabBarView.swift in Sources */,
				48E0918C2B1A2ADE00DFE83A /* Playlist.swift in Sources */,
			);
			runOnlyForDeploymentPostprocessing = 0;
		};
/* End PBXSourcesBuildPhase section */

/* Begin XCBuildConfiguration section */
		48E091692B19FE7400DFE83A /* Debug */ = {
			isa = XCBuildConfiguration;
			buildSettings = {
				ALWAYS_SEARCH_USER_PATHS = NO;
				ASSETCATALOG_COMPILER_GENERATE_SWIFT_ASSET_SYMBOL_EXTENSIONS = YES;
				ASSETCATALOG_COMPILER_GLOBAL_ACCENT_COLOR_NAME = AccentColor;
				CLANG_ANALYZER_NONNULL = YES;
				CLANG_ANALYZER_NUMBER_OBJECT_CONVERSION = YES_AGGRESSIVE;
				CLANG_CXX_LANGUAGE_STANDARD = "gnu++20";
				CLANG_ENABLE_MODULES = YES;
				CLANG_ENABLE_OBJC_ARC = YES;
				CLANG_ENABLE_OBJC_WEAK = YES;
				CLANG_WARN_BLOCK_CAPTURE_AUTORELEASING = YES;
				CLANG_WARN_BOOL_CONVERSION = YES;
				CLANG_WARN_COMMA = YES;
				CLANG_WARN_CONSTANT_CONVERSION = YES;
				CLANG_WARN_DEPRECATED_OBJC_IMPLEMENTATIONS = YES;
				CLANG_WARN_DIRECT_OBJC_ISA_USAGE = YES_ERROR;
				CLANG_WARN_DOCUMENTATION_COMMENTS = YES;
				CLANG_WARN_EMPTY_BODY = YES;
				CLANG_WARN_ENUM_CONVERSION = YES;
				CLANG_WARN_INFINITE_RECURSION = YES;
				CLANG_WARN_INT_CONVERSION = YES;
				CLANG_WARN_NON_LITERAL_NULL_CONVERSION = YES;
				CLANG_WARN_OBJC_IMPLICIT_RETAIN_SELF = YES;
				CLANG_WARN_OBJC_LITERAL_CONVERSION = YES;
				CLANG_WARN_OBJC_ROOT_CLASS = YES_ERROR;
				CLANG_WARN_QUOTED_INCLUDE_IN_FRAMEWORK_HEADER = YES;
				CLANG_WARN_RANGE_LOOP_ANALYSIS = YES;
				CLANG_WARN_STRICT_PROTOTYPES = YES;
				CLANG_WARN_SUSPICIOUS_MOVE = YES;
				CLANG_WARN_UNGUARDED_AVAILABILITY = YES_AGGRESSIVE;
				CLANG_WARN_UNREACHABLE_CODE = YES;
				CLANG_WARN__DUPLICATE_METHOD_MATCH = YES;
				COPY_PHASE_STRIP = NO;
				DEBUG_INFORMATION_FORMAT = dwarf;
				ENABLE_STRICT_OBJC_MSGSEND = YES;
				ENABLE_TESTABILITY = YES;
				ENABLE_USER_SCRIPT_SANDBOXING = YES;
				GCC_C_LANGUAGE_STANDARD = gnu17;
				GCC_DYNAMIC_NO_PIC = NO;
				GCC_NO_COMMON_BLOCKS = YES;
				GCC_OPTIMIZATION_LEVEL = 0;
				GCC_PREPROCESSOR_DEFINITIONS = (
					"DEBUG=1",
					"$(inherited)",
				);
				GCC_WARN_64_TO_32_BIT_CONVERSION = YES;
				GCC_WARN_ABOUT_RETURN_TYPE = YES_ERROR;
				GCC_WARN_UNDECLARED_SELECTOR = YES;
				GCC_WARN_UNINITIALIZED_AUTOS = YES_AGGRESSIVE;
				GCC_WARN_UNUSED_FUNCTION = YES;
				GCC_WARN_UNUSED_VARIABLE = YES;
				IPHONEOS_DEPLOYMENT_TARGET = 17.0;
				LOCALIZATION_PREFERS_STRING_CATALOGS = YES;
				MTL_ENABLE_DEBUG_INFO = INCLUDE_SOURCE;
				MTL_FAST_MATH = YES;
				ONLY_ACTIVE_ARCH = YES;
				SDKROOT = iphoneos;
				SWIFT_ACTIVE_COMPILATION_CONDITIONS = "DEBUG $(inherited)";
				SWIFT_OPTIMIZATION_LEVEL = "-Onone";
			};
			name = Debug;
		};
		48E0916A2B19FE7400DFE83A /* Release */ = {
			isa = XCBuildConfiguration;
			buildSettings = {
				ALWAYS_SEARCH_USER_PATHS = NO;
				ASSETCATALOG_COMPILER_GENERATE_SWIFT_ASSET_SYMBOL_EXTENSIONS = YES;
				ASSETCATALOG_COMPILER_GLOBAL_ACCENT_COLOR_NAME = AccentColor;
				CLANG_ANALYZER_NONNULL = YES;
				CLANG_ANALYZER_NUMBER_OBJECT_CONVERSION = YES_AGGRESSIVE;
				CLANG_CXX_LANGUAGE_STANDARD = "gnu++20";
				CLANG_ENABLE_MODULES = YES;
				CLANG_ENABLE_OBJC_ARC = YES;
				CLANG_ENABLE_OBJC_WEAK = YES;
				CLANG_WARN_BLOCK_CAPTURE_AUTORELEASING = YES;
				CLANG_WARN_BOOL_CONVERSION = YES;
				CLANG_WARN_COMMA = YES;
				CLANG_WARN_CONSTANT_CONVERSION = YES;
				CLANG_WARN_DEPRECATED_OBJC_IMPLEMENTATIONS = YES;
				CLANG_WARN_DIRECT_OBJC_ISA_USAGE = YES_ERROR;
				CLANG_WARN_DOCUMENTATION_COMMENTS = YES;
				CLANG_WARN_EMPTY_BODY = YES;
				CLANG_WARN_ENUM_CONVERSION = YES;
				CLANG_WARN_INFINITE_RECURSION = YES;
				CLANG_WARN_INT_CONVERSION = YES;
				CLANG_WARN_NON_LITERAL_NULL_CONVERSION = YES;
				CLANG_WARN_OBJC_IMPLICIT_RETAIN_SELF = YES;
				CLANG_WARN_OBJC_LITERAL_CONVERSION = YES;
				CLANG_WARN_OBJC_ROOT_CLASS = YES_ERROR;
				CLANG_WARN_QUOTED_INCLUDE_IN_FRAMEWORK_HEADER = YES;
				CLANG_WARN_RANGE_LOOP_ANALYSIS = YES;
				CLANG_WARN_STRICT_PROTOTYPES = YES;
				CLANG_WARN_SUSPICIOUS_MOVE = YES;
				CLANG_WARN_UNGUARDED_AVAILABILITY = YES_AGGRESSIVE;
				CLANG_WARN_UNREACHABLE_CODE = YES;
				CLANG_WARN__DUPLICATE_METHOD_MATCH = YES;
				COPY_PHASE_STRIP = NO;
				DEBUG_INFORMATION_FORMAT = "dwarf-with-dsym";
				ENABLE_NS_ASSERTIONS = NO;
				ENABLE_STRICT_OBJC_MSGSEND = YES;
				ENABLE_USER_SCRIPT_SANDBOXING = YES;
				GCC_C_LANGUAGE_STANDARD = gnu17;
				GCC_NO_COMMON_BLOCKS = YES;
				GCC_WARN_64_TO_32_BIT_CONVERSION = YES;
				GCC_WARN_ABOUT_RETURN_TYPE = YES_ERROR;
				GCC_WARN_UNDECLARED_SELECTOR = YES;
				GCC_WARN_UNINITIALIZED_AUTOS = YES_AGGRESSIVE;
				GCC_WARN_UNUSED_FUNCTION = YES;
				GCC_WARN_UNUSED_VARIABLE = YES;
				IPHONEOS_DEPLOYMENT_TARGET = 17.0;
				LOCALIZATION_PREFERS_STRING_CATALOGS = YES;
				MTL_ENABLE_DEBUG_INFO = NO;
				MTL_FAST_MATH = YES;
				SDKROOT = iphoneos;
				SWIFT_COMPILATION_MODE = wholemodule;
				VALIDATE_PRODUCT = YES;
			};
			name = Release;
		};
		48E0916C2B19FE7400DFE83A /* Debug */ = {
			isa = XCBuildConfiguration;
			buildSettings = {
				ASSETCATALOG_COMPILER_APPICON_NAME = AppIcon;
				ASSETCATALOG_COMPILER_GLOBAL_ACCENT_COLOR_NAME = AccentColor;
				CODE_SIGN_ENTITLEMENTS = PodcastClient/PodcastClient.entitlements;
				CODE_SIGN_STYLE = Automatic;
				CURRENT_PROJECT_VERSION = 1;
				DEVELOPMENT_ASSET_PATHS = "\"PodcastClient/Preview Content\"";
				DEVELOPMENT_TEAM = 46D3VYP253;
				ENABLE_PREVIEWS = YES;
				GENERATE_INFOPLIST_FILE = YES;
				INFOPLIST_FILE = PodcastClient/Info.plist;
				INFOPLIST_KEY_CFBundleDisplayName = "Raúl";
				INFOPLIST_KEY_LSApplicationCategoryType = "public.app-category.entertainment";
				INFOPLIST_KEY_UIApplicationSceneManifest_Generation = YES;
				INFOPLIST_KEY_UIApplicationSupportsIndirectInputEvents = YES;
				INFOPLIST_KEY_UILaunchScreen_Generation = YES;
				INFOPLIST_KEY_UISupportedInterfaceOrientations = UIInterfaceOrientationPortrait;
				INFOPLIST_KEY_UISupportedInterfaceOrientations_iPad = "UIInterfaceOrientationLandscapeLeft UIInterfaceOrientationLandscapeRight UIInterfaceOrientationPortrait UIInterfaceOrientationPortraitUpsideDown";
				LD_RUNPATH_SEARCH_PATHS = (
					"$(inherited)",
					"@executable_path/Frameworks",
				);
				MARKETING_VERSION = 1.0;
				PRODUCT_BUNDLE_IDENTIFIER = de.holgerkrupp.PodcastClient;
				PRODUCT_NAME = "$(TARGET_NAME)";
				SWIFT_EMIT_LOC_STRINGS = YES;
				SWIFT_VERSION = 5.0;
				TARGETED_DEVICE_FAMILY = "1,2";
			};
			name = Debug;
		};
		48E0916D2B19FE7400DFE83A /* Release */ = {
			isa = XCBuildConfiguration;
			buildSettings = {
				ASSETCATALOG_COMPILER_APPICON_NAME = AppIcon;
				ASSETCATALOG_COMPILER_GLOBAL_ACCENT_COLOR_NAME = AccentColor;
				CODE_SIGN_ENTITLEMENTS = PodcastClient/PodcastClient.entitlements;
				CODE_SIGN_STYLE = Automatic;
				CURRENT_PROJECT_VERSION = 1;
				DEVELOPMENT_ASSET_PATHS = "\"PodcastClient/Preview Content\"";
				DEVELOPMENT_TEAM = 46D3VYP253;
				ENABLE_PREVIEWS = YES;
				GENERATE_INFOPLIST_FILE = YES;
				INFOPLIST_FILE = PodcastClient/Info.plist;
				INFOPLIST_KEY_CFBundleDisplayName = "Raúl";
				INFOPLIST_KEY_LSApplicationCategoryType = "public.app-category.entertainment";
				INFOPLIST_KEY_UIApplicationSceneManifest_Generation = YES;
				INFOPLIST_KEY_UIApplicationSupportsIndirectInputEvents = YES;
				INFOPLIST_KEY_UILaunchScreen_Generation = YES;
				INFOPLIST_KEY_UISupportedInterfaceOrientations = UIInterfaceOrientationPortrait;
				INFOPLIST_KEY_UISupportedInterfaceOrientations_iPad = "UIInterfaceOrientationLandscapeLeft UIInterfaceOrientationLandscapeRight UIInterfaceOrientationPortrait UIInterfaceOrientationPortraitUpsideDown";
				LD_RUNPATH_SEARCH_PATHS = (
					"$(inherited)",
					"@executable_path/Frameworks",
				);
				MARKETING_VERSION = 1.0;
				PRODUCT_BUNDLE_IDENTIFIER = de.holgerkrupp.PodcastClient;
				PRODUCT_NAME = "$(TARGET_NAME)";
				SWIFT_EMIT_LOC_STRINGS = YES;
				SWIFT_VERSION = 5.0;
				TARGETED_DEVICE_FAMILY = "1,2";
			};
			name = Release;
		};
/* End XCBuildConfiguration section */

/* Begin XCConfigurationList section */
		48E091542B19FE7100DFE83A /* Build configuration list for PBXProject "PodcastClient" */ = {
			isa = XCConfigurationList;
			buildConfigurations = (
				48E091692B19FE7400DFE83A /* Debug */,
				48E0916A2B19FE7400DFE83A /* Release */,
			);
			defaultConfigurationIsVisible = 0;
			defaultConfigurationName = Release;
		};
		48E0916B2B19FE7400DFE83A /* Build configuration list for PBXNativeTarget "PodcastClient" */ = {
			isa = XCConfigurationList;
			buildConfigurations = (
				48E0916C2B19FE7400DFE83A /* Debug */,
				48E0916D2B19FE7400DFE83A /* Release */,
			);
			defaultConfigurationIsVisible = 0;
			defaultConfigurationName = Release;
		};
/* End XCConfigurationList section */
	};
	rootObject = 48E091512B19FE7100DFE83A /* Project object */;
}
